# This file is automatically @generated by Cargo.
# It is not intended for manual editing.
version = 4

[[package]]
name = "alloc-no-stdlib"
version = "3.0.0"
source = "registry+https://github.com/rust-lang/crates.io-index"
checksum = "c2fb6cfd47bf496ff64095c20eaba0c201404ee38714d4142fcfa1dc334fcc7a"

[[package]]
name = "alloc-stdlib"
version = "0.2.3"
source = "registry+https://github.com/rust-lang/crates.io-index"
checksum = "982052a20ce6eccdc3ee95f1fd77f10bf6b7ff5b02c3c4cc5a3fb50ce506a108"
dependencies = [
 "alloc-no-stdlib",
]

[[package]]
name = "brotli-decompressor"
version = "5.0.2"
dependencies = [
 "alloc-no-stdlib",
 "alloc-stdlib",
]
